# platform: linux-64
# env_hash: 3c6adf7b0b3127475eda2d787880218bf2ef1053f6314842de7923e0c8d567ef
@EXPLICIT
https://conda.anaconda.org/conda-forge/linux-64/_libgcc_mutex-0.1-conda_forge.tar.bz2#d7c89558ba9fa0495403155b64376d81
https://conda.anaconda.org/conda-forge/linux-64/ca-certificates-2020.6.20-hecda079_0.tar.bz2#1b1cca86e95c416a8e7eb6062af6d503
https://conda.anaconda.org/conda-forge/linux-64/ld_impl_linux-64-2.35-h769bd43_9.tar.bz2#e91fb361f3d158f06546dc87cbe55739
https://conda.anaconda.org/conda-forge/linux-64/libgfortran-ng-7.5.0-hdf63c60_16.tar.bz2#d403b27c431064370f9d1b1962f8a86b
https://conda.anaconda.org/conda-forge/linux-64/libstdcxx-ng-9.3.0-hdf63c60_16.tar.bz2#2c7c23cdad4f42f924d19029ef97475c
https://conda.anaconda.org/conda-forge/linux-64/llvm-openmp-10.0.1-hc9558a2_0.tar.bz2#afca9d5d2a09822cf333858f3d7146a7
https://conda.anaconda.org/conda-forge/linux-64/pandoc-2.10.1-h516909a_0.tar.bz2#8101ef00bcd1e337b62807c3671a64ac
https://conda.anaconda.org/conda-forge/linux-64/_openmp_mutex-4.5-1_llvm.tar.bz2#fa8d764c883a53d22ce622bea830c818
https://conda.anaconda.org/conda-forge/linux-64/libgcc-ng-9.3.0-h24d8f2e_16.tar.bz2#846daf5c2a4dd387047cc5ccc6b9c613
https://conda.anaconda.org/conda-forge/linux-64/mkl-2020.2-256.tar.bz2#2e32081cc9500d149f2fee29f88b655d
https://conda.anaconda.org/conda-forge/linux-64/c-ares-1.16.1-h516909a_3.tar.bz2#8d0f54b0a09bb496dea3f8dae0c551e4
https://conda.anaconda.org/conda-forge/linux-64/fftw-3.3.8-nompi_h7f3a6c3_1111.tar.bz2#e49c0defe368c6a93444c2d7a30fcf6d
https://conda.anaconda.org/conda-forge/linux-64/gmp-6.2.0-he1b5a44_2.tar.bz2#3d617da5ab2486438b82ee46eb3f6a6c
https://conda.anaconda.org/conda-forge/linux-64/icu-67.1-he1b5a44_0.tar.bz2#7ced6a5e5c94726af797d2b5a2b09228
https://conda.anaconda.org/conda-forge/linux-64/jpeg-9d-h516909a_0.tar.bz2#aa82d2e6e1fa196bf4addd7ebc71a807
https://conda.anaconda.org/conda-forge/linux-64/libblas-3.8.0-8_h6e990d7_netlib.tar.bz2#bf00e4750dd2e36fb12c94a49710c1b2
https://conda.anaconda.org/conda-forge/linux-64/libev-4.33-h516909a_1.tar.bz2#6f8720dff19e17ce5d48cfe7f3d2f0a3
https://conda.anaconda.org/conda-forge/linux-64/libffi-3.2.1-he1b5a44_1007.tar.bz2#11389072d7d6036fd811c3d9460475cd
https://conda.anaconda.org/conda-forge/linux-64/libsodium-1.0.18-h516909a_0.tar.bz2#3475e9e7c8c9ead7f75c70b7703cb100
https://conda.anaconda.org/conda-forge/linux-64/libuv-1.39.0-h516909a_0.tar.bz2#04cc629a75f9bb0ecef9908ae2eac322
https://conda.anaconda.org/conda-forge/linux-64/libwebp-base-1.1.0-h516909a_3.tar.bz2#3d543511584978d6e22b6c194ae3b81e
https://conda.anaconda.org/conda-forge/linux-64/lz4-c-1.9.2-he1b5a44_3.tar.bz2#b2e54aad8640e7a877d2280d3ebfe85b
https://conda.anaconda.org/conda-forge/linux-64/metis-5.1.0-he1b5a44_1006.tar.bz2#ed5a993ab83b3c415885c26cd63b8a08
https://conda.anaconda.org/conda-forge/linux-64/ncurses-6.2-he1b5a44_1.tar.bz2#d3da4932f3d8e6b3c81fcf177d1e6eab
https://conda.anaconda.org/conda-forge/linux-64/openblas-0.3.3-h9ac9557_1001.tar.bz2#87ac95d75862ec2f815e3fe427b50359
https://conda.anaconda.org/conda-forge/linux-64/openssl-1.1.1g-h516909a_1.tar.bz2#6fdcd20ec22aeffa10b6102bccc47e7f
https://conda.anaconda.org/conda-forge/linux-64/tbb-2020.2-hc9558a2_0.tar.bz2#5abf234a5bb22cfba027671f133faa60
https://conda.anaconda.org/conda-forge/linux-64/xz-5.2.5-h516909a_1.tar.bz2#33f601066901f3e1a85af3522a8113f9
https://conda.anaconda.org/conda-forge/linux-64/zlib-1.2.11-h516909a_1009.tar.bz2#93486907c6757170a5125198506d9cf8
https://conda.anaconda.org/conda-forge/linux-64/blas-1.1-openblas.tar.bz2#c259e7a3ea775c6dcba191072cab3adb
https://conda.anaconda.org/conda-forge/linux-64/glpk-4.65-he80fd80_1002.tar.bz2#1b2f6f0749a966b699cc282c23c59187
https://conda.anaconda.org/conda-forge/linux-64/libcblas-3.8.0-8_h6e990d7_netlib.tar.bz2#fabbad57e137b22cf8753c614afe0428
https://conda.anaconda.org/conda-forge/linux-64/libedit-3.1.20191231-he28a2e2_2.tar.bz2#4d331e44109e3f0e19b4cb8f9b82f3e1
https://conda.anaconda.org/conda-forge/linux-64/liblapack-3.8.0-8_h6e990d7_netlib.tar.bz2#d4a4f697388390d381ce0497c449f15a
https://conda.anaconda.org/conda-forge/linux-64/libllvm10-10.0.1-he513fc3_3.tar.bz2#b1c57947b2a9231e0cd037ab0ed96b5d
https://conda.anaconda.org/conda-forge/linux-64/libnghttp2-1.41.0-h8cfc5f6_2.tar.bz2#726ca0fed4bde95b056ef26df1efaf60
https://conda.anaconda.org/conda-forge/linux-64/libpng-1.6.37-hed695b0_2.tar.bz2#5685fb1f2e761545e9f5ea34411efd98
https://conda.anaconda.org/conda-forge/linux-64/libssh2-1.9.0-hab1572f_5.tar.bz2#18aaa1bd2238ae2b5e89591046973123
https://conda.anaconda.org/conda-forge/linux-64/nodejs-14.11.0-h568c755_0.tar.bz2#d1d0852d3fd2f3518159b364efe1b267
https://conda.anaconda.org/conda-forge/linux-64/readline-8.0-he28a2e2_2.tar.bz2#4d0ae8d473f863696088f76800ef9d38
https://conda.anaconda.org/conda-forge/linux-64/scotch-6.0.9-h0eec0ba_1.tar.bz2#40a2c6e2a7beee839b23ed13be0f6ee9
https://conda.anaconda.org/conda-forge/linux-64/tk-8.6.10-hed695b0_0.tar.bz2#9a3e126468fa7fb6a54caad41b5a2d45
https://conda.anaconda.org/conda-forge/linux-64/zeromq-4.3.2-he1b5a44_3.tar.bz2#d9e734dd2b3da4e4380c9c98e6a78b40
https://conda.anaconda.org/conda-forge/linux-64/zstd-1.4.5-h6597ccf_2.tar.bz2#d60d50f369d40f9787878cdd866fc9d3
https://conda.anaconda.org/conda-forge/linux-64/dsdp-5.8-blas_openblash5c7cb9b_1202.tar.bz2#7ab5b9ea69387df04638e2406777be55
https://conda.anaconda.org/conda-forge/linux-64/freetype-2.10.2-he06d7ca_0.tar.bz2#520fb55b5f6e29179499000b8107fe0a
https://conda.anaconda.org/conda-forge/linux-64/gsl-2.6-h294904e_0.tar.bz2#3e5297efa0c87956c6aed018edf627cc
https://conda.anaconda.org/conda-forge/linux-64/krb5-1.17.1-hfafb76e_3.tar.bz2#b9c0993124fbf5f4ccf37fd00d6a3705
https://conda.anaconda.org/conda-forge/linux-64/libtiff-4.1.0-hc7e4089_6.tar.bz2#fa73bbe576ceb0c200a232c7956d8661
https://conda.anaconda.org/conda-forge/linux-64/mumps-5.1.2-blas_openblash15930f7_1001.tar.bz2#ce34a04592d975cd874c6117c786cb4c
https://conda.anaconda.org/conda-forge/linux-64/sqlite-3.33.0-h4cf870e_0.tar.bz2#b22603a9c94d2cda5911f7a2cd55aa95
https://conda.anaconda.org/conda-forge/linux-64/suitesparse-5.7.2-h717dc36_0.tar.bz2#ef96c0329c19aa5fc6c0f4fae6bfa1f1
https://conda.anaconda.org/conda-forge/linux-64/lcms2-2.11-hbd6801e_0.tar.bz2#92df66bf0087c1275e03edc8ab45a9b8
https://conda.anaconda.org/conda-forge/linux-64/libcurl-7.71.1-hcdd3856_6.tar.bz2#ca3ed6299c27fa27c53e1b3ad51c5328
https://conda.anaconda.org/conda-forge/linux-64/python-3.6.11-h4d41432_2_cpython.tar.bz2#b47626ea77b598951227fd5c783bcce5
https://conda.anaconda.org/conda-forge/noarch/async-timeout-3.0.1-py_1000.tar.bz2#8b11024b2762a07aaa07d2743231a41b
https://conda.anaconda.org/conda-forge/noarch/async_generator-1.10-py_0.tar.bz2#d56c596e61b1c4952acf0a9920856c12
https://conda.anaconda.org/conda-forge/noarch/attrs-20.2.0-pyh9f0ad1d_0.tar.bz2#72fe75fed07fe89d6ef02034bf1e94a5
https://conda.anaconda.org/conda-forge/noarch/backports-1.0-py_2.tar.bz2#0da16b293affa6ac31812376f8eb79dd
https://conda.anaconda.org/conda-forge/noarch/blinker-1.4-py_1.tar.bz2#fa509a09190583f869ae442bf4d17f5f
https://conda.anaconda.org/conda-forge/noarch/decorator-4.4.2-py_0.tar.bz2#d2eabb9cabd212e1ec6a9463bd846243
https://conda.anaconda.org/conda-forge/noarch/defusedxml-0.6.0-py_0.tar.bz2#37e1033daee0e2edaa5ff42584c52b21
https://conda.anaconda.org/conda-forge/noarch/idna-2.10-pyh9f0ad1d_0.tar.bz2#f95a12b4f435aae6680fe55ae2eb1b06
https://conda.anaconda.org/conda-forge/noarch/ipython_genutils-0.2.0-py_1.tar.bz2#5071c982548b3a20caf70462f04f5287
https://conda.anaconda.org/conda-forge/noarch/json5-0.9.5-pyh9f0ad1d_0.tar.bz2#10759827a94e6b14996e81fb002c0bda
https://conda.anaconda.org/conda-forge/noarch/nest-asyncio-1.4.0-py_1.tar.bz2#ce02fafcc5198aa9f6af017b4ce848a6
https://conda.anaconda.org/conda-forge/noarch/olefile-0.46-py_0.tar.bz2#8a6d3394763144710916ecf556c6287d
https://conda.anaconda.org/conda-forge/noarch/pamela-1.0.0-py_0.tar.bz2#36f6f18d2f3ae0c93d77a9dbedad08c3
https://conda.anaconda.org/conda-forge/noarch/pandocfilters-1.4.2-py_1.tar.bz2#ba6f4a308f1ea22abe1d72e72544af76
https://conda.anaconda.org/conda-forge/noarch/prometheus_client-0.8.0-pyh9f0ad1d_0.tar.bz2#0409863e03d2abb75d9b91b903697ed0
https://conda.anaconda.org/conda-forge/noarch/ptyprocess-0.6.0-py_1001.tar.bz2#0c3a56f1ab48cfb002c69b48f9e1ddc6
https://conda.anaconda.org/conda-forge/noarch/pycparser-2.20-pyh9f0ad1d_2.tar.bz2#aa798d50ffd182a0f6f31478c7f434f6
https://conda.anaconda.org/conda-forge/noarch/pyparsing-2.4.7-pyh9f0ad1d_0.tar.bz2#626c4f20d5bf06dcec9cf2eaa31725c7
https://conda.anaconda.org/conda-forge/noarch/python-editor-1.0.4-py_0.tar.bz2#eaaf29a0644f9407f98a4665f45880c4
https://conda.anaconda.org/conda-forge/noarch/python-json-logger-0.1.11-py_0.tar.bz2#f4912fb7591c1deb9957beef3c18ad00
https://conda.anaconda.org/conda-forge/linux-64/python_abi-3.6-1_cp36m.tar.bz2#7f3681b01bd688b48bfbdae483b2918f
https://conda.anaconda.org/conda-forge/noarch/pytz-2020.1-pyh9f0ad1d_0.tar.bz2#e52abc1f0fd70e05001c1ceb2696f625
https://conda.anaconda.org/conda-forge/noarch/send2trash-1.5.0-py_0.tar.bz2#c3779037a635e1150f1c53c28b875949
https://conda.anaconda.org/conda-forge/noarch/simpervisor-0.3-py_1.tar.bz2#fe08b77a681a541161b2b42fbd78d117
https://conda.anaconda.org/conda-forge/noarch/simplegeneric-0.8.1-py_1.tar.bz2#a561caf8601e8d85547c77a54ee99333
https://conda.anaconda.org/conda-forge/noarch/six-1.15.0-pyh9f0ad1d_0.tar.bz2#1eec421f0f1f39e579e44e4a5ce646a2
https://conda.anaconda.org/conda-forge/noarch/testpath-0.4.4-py_0.tar.bz2#3b98fff4d5342bebde2ecaa314f796f9
https://conda.anaconda.org/conda-forge/noarch/typing_extensions-3.7.4.2-py_0.tar.bz2#235133b5ac204ecadf84cd07bab4fbe3
https://conda.anaconda.org/conda-forge/noarch/utm-0.6.0-pyh9f0ad1d_0.tar.bz2#07e2fbf7cc1e368bc47ff1c28befa109
https://conda.anaconda.org/conda-forge/noarch/webencodings-0.5.1-py_1.tar.bz2#3563be4c5611a44210d9ba0c16113136
https://conda.anaconda.org/conda-forge/noarch/wheel-0.35.1-pyh9f0ad1d_0.tar.bz2#126827869be32f21872a2b30ebe2b038
https://conda.anaconda.org/conda-forge/noarch/zipp-3.1.0-py_0.tar.bz2#61948e426a3a3ec1fa7c90a44c2585d1
https://conda.anaconda.org/conda-forge/linux-64/certifi-2020.6.20-py36h9f0ad1d_0.tar.bz2#a2a7acf537fb8cc533b598d38d8aa458
https://conda.anaconda.org/conda-forge/linux-64/cffi-1.14.3-py36h0ff685e_0.tar.bz2#866d6ad8621bef721d213377b6b71ddb
https://conda.anaconda.org/conda-forge/linux-64/chardet-3.0.4-py36h9f0ad1d_1007.tar.bz2#f0b6a07c69d4eef6642340c8f05cea31
https://conda.anaconda.org/conda-forge/linux-64/cvxopt-1.2.5-py36h1fca8d0_1.tar.bz2#00d393fb6acad00a9198216c3a2a52be
https://conda.anaconda.org/conda-forge/noarch/cycler-0.10.0-py_2.tar.bz2#f6d7c7e6d8f42cbbec7e07a8d879f91c
https://conda.anaconda.org/conda-forge/linux-64/entrypoints-0.3-py36h9f0ad1d_1001.tar.bz2#2cb1beb7a0d40421be2762978591fba2
https://conda.anaconda.org/conda-forge/linux-64/future-0.18.2-py36h9f0ad1d_1.tar.bz2#132cf027a4457ce2c17490d3c180ed2e
https://conda.anaconda.org/conda-forge/linux-64/idna_ssl-1.1.0-py36_1000.tar.bz2#358b525f5010dc1b4176aeac4324f493
https://conda.anaconda.org/conda-forge/linux-64/importlib-metadata-1.7.0-py36h9f0ad1d_0.tar.bz2#90bd2acd42e189ac4afa32e165b1eea7
https://conda.anaconda.org/conda-forge/linux-64/kiwisolver-1.2.0-py36hdb11119_0.tar.bz2#b51eca136702122bcdafce387576ccd8
https://conda.anaconda.org/conda-forge/linux-64/llvmlite-0.34.0-py36hfa65bc7_1.tar.bz2#1b10475ff40740e9fa96c84b6234080f
https://conda.anaconda.org/conda-forge/linux-64/markupsafe-1.1.1-py36h8c4c3a4_1.tar.bz2#384531b3e97ed854edcf9140e8347676
https://conda.anaconda.org/conda-forge/linux-64/mistune-0.8.4-py36h8c4c3a4_1001.tar.bz2#51162da1c7b3212e72f0abd888c45144
https://conda.anaconda.org/conda-forge/linux-64/multidict-4.7.5-py36h8c4c3a4_1.tar.bz2#2d9ea2eeb199487747b68b602364d135
https://conda.anaconda.org/conda-forge/linux-64/numpy-1.19.1-py36h3849536_2.tar.bz2#570472dbbc8e912268f4e9eabe5a6e71
https://conda.anaconda.org/conda-forge/noarch/packaging-20.4-pyh9f0ad1d_0.tar.bz2#6d160f7346ac815500b5475d9a0f88a9
https://conda.anaconda.org/conda-forge/linux-64/pexpect-4.8.0-py36h9f0ad1d_1.tar.bz2#7fde8ab34b9254a5c8fb8004f7c649cb
https://conda.anaconda.org/conda-forge/linux-64/pickleshare-0.7.5-py36h9f0ad1d_1001.tar.bz2#1c98ac6dfa0b483945fa0febc806c8b7
https://conda.anaconda.org/conda-forge/linux-64/pillow-7.2.0-py36h8328e55_1.tar.bz2#4125c394a1ea2b642dcc80903bea3e34
https://conda.anaconda.org/conda-forge/linux-64/pycurl-7.43.0.5-py36h2e6c563_2.tar.bz2#626d1f606d99cf1086802d79206dd023
https://conda.anaconda.org/conda-forge/linux-64/pyrsistent-0.17.3-py36h8c4c3a4_0.tar.bz2#6482eafdd125955f74fa3b562561c5d8
https://conda.anaconda.org/conda-forge/linux-64/pysocks-1.7.1-py36h9f0ad1d_1.tar.bz2#24b78415f0724a53f66a1f22e7c18f5f
https://conda.anaconda.org/conda-forge/noarch/python-dateutil-2.8.1-py_0.tar.bz2#0d0150ed9c2d25817f5324108d3f7571
https://conda.anaconda.org/conda-forge/linux-64/pyzmq-19.0.2-py36h9947dbf_0.tar.bz2#6a474b754a341aa0ff537c712bc679e4
https://conda.anaconda.org/conda-forge/linux-64/ruamel.yaml.clib-0.2.2-py36h8c4c3a4_0.tar.bz2#b9b9d76a5035c495e6ee0e2bbd4b660d
https://conda.anaconda.org/conda-forge/linux-64/sqlalchemy-1.3.19-py36h8c4c3a4_0.tar.bz2#aba409cdcbba589185e5ca18ed5b69d8
https://conda.anaconda.org/conda-forge/linux-64/tornado-6.0.4-py36h8c4c3a4_1.tar.bz2#038edfc7e1ee730d9542270ea01ea908
https://conda.anaconda.org/conda-forge/linux-64/traitlets-4.3.3-py36h9f0ad1d_1.tar.bz2#37802414836e8c0594873aaf656ace5d
https://conda.anaconda.org/conda-forge/linux-64/argon2-cffi-20.1.0-py36h8c4c3a4_1.tar.bz2#e90b3800520629cf2ac3e99dd93e5a47
https://conda.anaconda.org/conda-forge/linux-64/brotlipy-0.7.0-py36h8c4c3a4_1000.tar.bz2#2432e6fedcf75543398e1f6cd0972ad9
https://conda.anaconda.org/conda-forge/linux-64/cryptography-3.1-py36h45558ae_0.tar.bz2#ea45db94214c8a900a3fec26661c395d
https://conda.anaconda.org/conda-forge/noarch/importlib_metadata-1.7.0-0.tar.bz2#3e6503b25200f60149cce699a47cf09e
https://conda.anaconda.org/conda-forge/linux-64/jupyter_core-4.6.3-py36h9f0ad1d_1.tar.bz2#6d69b615a47c8a8a09fcbe2ee4b6e3f4
https://conda.anaconda.org/conda-forge/noarch/mako-1.1.3-pyh9f0ad1d_0.tar.bz2#7c87121b0244cf6a1f44a1df12a846ea
https://conda.anaconda.org/conda-forge/linux-64/pandas-1.1.2-py36h831f99a_0.tar.bz2#10dcaa8ebcae9f649285c2c35139a49c
https://conda.anaconda.org/conda-forge/linux-64/scipy-1.5.2-py36h3a855aa_0.tar.bz2#8738fee97a0f0a340b93f1a70a420707
https://conda.anaconda.org/conda-forge/linux-64/setuptools-49.6.0-py36h9f0ad1d_1.tar.bz2#53c729ecce0bd3ef67282c62fe628b2e
https://conda.anaconda.org/conda-forge/linux-64/terminado-0.9.1-py36h9f0ad1d_0.tar.bz2#e14519ce2c58eb7dad88301217f9288f
https://conda.anaconda.org/conda-forge/noarch/vectormath-0.2.2-py_0.tar.bz2#7a6395b244b183e9e55e606e3d68e83b
https://conda.anaconda.org/conda-forge/linux-64/yarl-1.4.2-py36h516909a_0.tar.bz2#3d6f6e90effcdacd6a38db482462871b
https://conda.anaconda.org/conda-forge/linux-64/aiohttp-3.6.2-py36h516909a_0.tar.bz2#f7cf8dd552caa731c818383bd506ddd7
https://conda.anaconda.org/conda-forge/noarch/alembic-1.4.3-pyh9f0ad1d_0.tar.bz2#84c871138af479a1724d3c3634273dda
https://conda.anaconda.org/conda-forge/noarch/backports.functools_lru_cache-1.6.1-py_0.tar.bz2#d36df15eaef96549ce6231e3088fba54
https://conda.anaconda.org/conda-forge/noarch/bleach-3.2.1-pyh9f0ad1d_0.tar.bz2#d4506316b85679972c0b78d4d1c0b701
https://conda.anaconda.org/conda-forge/noarch/jinja2-2.11.2-pyh9f0ad1d_0.tar.bz2#e8a5d614d1a27bdba00059ca062a0551
https://conda.anaconda.org/conda-forge/linux-64/jsonschema-3.2.0-py36h9f0ad1d_1.tar.bz2#eefe83ff43117f8af6d4641d1bc9fce6
https://conda.anaconda.org/conda-forge/noarch/jupyter_client-6.1.7-py_0.tar.bz2#bcaa486602c05413da0808b82898f60a
https://conda.anaconda.org/conda-forge/linux-64/matplotlib-base-3.3.2-py36h5ffbc53_0.tar.bz2#1e1b42c99ed1ab81b5b295e0f7725a98
https://conda.anaconda.org/conda-forge/linux-64/numba-0.51.2-py36h7c3b610_0.tar.bz2#cb755840feeda9adc6818268d6476349
https://conda.anaconda.org/conda-forge/noarch/pip-20.2.3-py_0.tar.bz2#2a473e697f17443a8647c3d7d22043d3
https://conda.anaconda.org/conda-forge/noarch/properties-0.6.1-py_0.tar.bz2#62052fa8409d12536ff149e25b0e9905
https://conda.anaconda.org/conda-forge/noarch/pygments-2.7.1-py_0.tar.bz2#9dbcbc1c57c179d2ac4fb79d9ed01c61
https://conda.anaconda.org/conda-forge/noarch/pyjwt-1.7.1-py_0.tar.bz2#617ab4f8c5e481fdeabe55d7a1e14798
https://conda.anaconda.org/conda-forge/noarch/pymkl-0.0.3-py_0.tar.bz2#839bd475a3d299c141bd49d7565ecfe9
https://conda.anaconda.org/conda-forge/noarch/pyopenssl-19.1.0-py_1.tar.bz2#ef3d970a6de9bc902d233e59f746b7cd
https://conda.anaconda.org/conda-forge/linux-64/ruamel.yaml-0.16.12-py36h8c4c3a4_0.tar.bz2#02c4dd53c0d3ab4e4aab9597b36a4365
https://conda.anaconda.org/conda-forge/noarch/certipy-0.1.3-py_0.tar.bz2#23486713ef5712923e7c57cae609b22e
https://conda.anaconda.org/conda-forge/linux-64/discretize-0.5.1-py36h79e6602_0.tar.bz2#4df49ce7e006d0381fb888336dfce102
https://conda.anaconda.org/conda-forge/noarch/empymod-2.0.2-py_0.tar.bz2#9c22e5721bcb66079246fb5ffee8a626
https://conda.anaconda.org/conda-forge/noarch/geoana-0.0.6-py_1.tar.bz2#940c153c790eec5801d26ad7115d69bf
https://conda.anaconda.org/conda-forge/noarch/jupyter_telemetry-0.0.5-py_0.tar.bz2#46d62a58c7dd1e6fcdaff59441285791
https://conda.anaconda.org/conda-forge/noarch/jupyterlab_pygments-0.1.1-pyh9f0ad1d_0.tar.bz2#1dcc48a573e69b44f9065dbe665fc186
https://conda.anaconda.org/conda-forge/linux-64/matplotlib-3.3.2-0.tar.bz2#17a0b9dba1fc475c5ffe79ab7a817b94
https://conda.anaconda.org/conda-forge/noarch/nbformat-5.0.7-py_0.tar.bz2#7f9984ee165126ac09d9eb678052783d
https://conda.anaconda.org/conda-forge/noarch/oauthlib-3.0.1-py_0.tar.bz2#faaf2a8fd1cddecbf1818fcf0ed3a3b6
https://conda.anaconda.org/conda-forge/noarch/pymatsolver-0.1.2-py_1.tar.bz2#f35035cce8dc904d271a13085a01caa8
https://conda.anaconda.org/conda-forge/noarch/urllib3-1.25.10-py_0.tar.bz2#82cde2a532177697e42a090add881db8
https://conda.anaconda.org/conda-forge/noarch/wcwidth-0.2.5-pyh9f0ad1d_1.tar.bz2#ac581f74f00d4d9f5acec2449f310e70
https://conda.anaconda.org/conda-forge/noarch/nbclient-0.5.0-py_0.tar.bz2#1c95e6cf38f219566e281979a3a1bd27
https://conda.anaconda.org/conda-forge/noarch/prompt_toolkit-1.0.15-py_1.tar.bz2#f5bea0930b268df84653cb32c8d1542f
https://conda.anaconda.org/conda-forge/noarch/requests-2.24.0-pyh9f0ad1d_0.tar.bz2#786ef230ca5cf2536e9dee910fdf4f9f
https://conda.anaconda.org/conda-forge/noarch/simpeg-0.14.2-pyh9f0ad1d_0.tar.bz2#a4c4c05d3a760978375e2633d6f924fb
https://conda.anaconda.org/conda-forge/linux-64/ipython-5.8.0-py36_1.tar.bz2#20f8dff7cb0e8e12799ea7267b14a726
https://conda.anaconda.org/conda-forge/linux-64/jupyterhub-base-1.1.0-py36h9f0ad1d_4.tar.bz2#07a624d45316efd058f8b95f89ab0c9f
https://conda.anaconda.org/conda-forge/linux-64/nbconvert-6.0.5-py36h9f0ad1d_0.tar.bz2#7e35846d08db5a6f109929122fd60b51
https://conda.anaconda.org/conda-forge/linux-64/ipykernel-5.3.4-py36h95af2a2_0.tar.bz2#a5c3b8c5122e605a2fde2e52f7fc6b2b
https://conda.anaconda.org/conda-forge/linux-64/notebook-6.1.4-py36h9f0ad1d_0.tar.bz2#a0d2d606845206cbff07b962ffd6c531
https://conda.anaconda.org/conda-forge/noarch/jupyter-server-proxy-1.5.0-py_0.tar.bz2#a268439d8b60aac7c506dd170fa48f88
https://conda.anaconda.org/conda-forge/linux-64/jupyterhub-singleuser-1.1.0-py36h9f0ad1d_4.tar.bz2#03e5491569e615de7d764bed8e03d7d8
https://conda.anaconda.org/conda-forge/noarch/jupyterlab_server-1.2.0-py_0.tar.bz2#77d654573f19a836b326fb77ffd86860
https://conda.anaconda.org/conda-forge/noarch/nbgitpuller-0.9.0-py_0.tar.bz2#ce05504b25f7e0234c99e7ef1f746cbd
https://conda.anaconda.org/conda-forge/linux-64/widgetsnbextension-3.5.1-py36h9f0ad1d_1.tar.bz2#42f73e2aeb976873ffc83ddaf3199bcd
https://conda.anaconda.org/conda-forge/noarch/ipywidgets-7.5.1-pyh9f0ad1d_1.tar.bz2#a7211644e1cf6a262c675635a78181f4
https://conda.anaconda.org/conda-forge/noarch/jupyterlab-2.2.8-py_0.tar.bz2#6c8bc607ef541e7f2c72f8e1058bf799
https://conda.anaconda.org/eoas_ubc/noarch/base-notebook-2020.09.05-0.tar.bz2#3745b8c36fef6f15c850ebd174b7c3c9
